// !$*UTF8*$!
{
	archiveVersion = 1;
	classes = {
	};
	objectVersion = 77;
	objects = {

/* Begin PBXBuildFile section */
		06F9BE455EC5489CB3734C8C /* NotificationServiceExtension.appex in Embed Foundation Extensions */ = {isa = PBXBuildFile; fileRef = D45D23632D5E4BBE940AC393 /* NotificationServiceExtension.appex */; settings = {ATTRIBUTES = (RemoveHeadersOnCopy, CodeSignOnCopy, ); }; };
		985531582FDF54490039EF87 /* StoreKit.framework in Frameworks */ = {isa = PBXBuildFile; fileRef = 985531572FDF54480039EF87 /* StoreKit.framework */; };
		98745F412FD842C700832FA4 /* Supabase in Frameworks */ = {isa = PBXBuildFile; productRef = 98745F402FD842C700832FA4 /* Supabase */; };
/* End PBXBuildFile section */

/* Begin PBXContainerItemProxy section */
		6BF81BC738DB4E0B9AD12D76 /* PBXContainerItemProxy */ = {
			isa = PBXContainerItemProxy;
			containerPortal = 98CF00BD2FBD66B5008435E1 /* Project object */;
			proxyType = 1;
			remoteGlobalIDString = C2CFD71BF97F464FBD2EFE3C;
			remoteInfo = NotificationServiceExtension;
		};
		98CF00D32FBD66B6008435E1 /* PBXContainerItemProxy */ = {
			isa = PBXContainerItemProxy;
			containerPortal = 98CF00BD2FBD66B5008435E1 /* Project object */;
			proxyType = 1;
			remoteGlobalIDString = 98CF00C42FBD66B5008435E1;
			remoteInfo = NWSLApp;
		};
		98CF00DD2FBD66B6008435E1 /* PBXContainerItemProxy */ = {
			isa = PBXContainerItemProxy;
			containerPortal = 98CF00BD2FBD66B5008435E1 /* Project object */;
			proxyType = 1;
			remoteGlobalIDString = 98CF00C42FBD66B5008435E1;
			remoteInfo = NWSLApp;
		};
/* End PBXContainerItemProxy section */

/* Begin PBXCopyFilesBuildPhase section */
		0F705043AB9C40CD8EF8C0CD /* Embed Foundation Extensions */ = {
			isa = PBXCopyFilesBuildPhase;
			buildActionMask = 2147483647;
			dstPath = "";
			dstSubfolderSpec = 13;
			files = (
				06F9BE455EC5489CB3734C8C /* NotificationServiceExtension.appex in Embed Foundation Extensions */,
			);
			name = "Embed Foundation Extensions";
			runOnlyForDeploymentPostprocessing = 0;
		};
/* End PBXCopyFilesBuildPhase section */

/* Begin PBXFileReference section */
		985531572FDF54480039EF87 /* StoreKit.framework */ = {isa = PBXFileReference; lastKnownFileType = wrapper.framework; name = StoreKit.framework; path = System/Library/Frameworks/StoreKit.framework; sourceTree = SDKROOT; };
		D45D23632D5E4BBE940AC393 /* NotificationServiceExtension.appex */ = {isa = PBXFileReference; explicitFileType = "wrapper.app-extension"; includeInIndex = 0; path = NotificationServiceExtension.appex; sourceTree = BUILT_PRODUCTS_DIR; };
		98CF00C52FBD66B5008435E1 /* NWSLApp.app */ = {isa = PBXFileReference; explicitFileType = wrapper.application; includeInIndex = 0; path = NWSLApp.app; sourceTree = BUILT_PRODUCTS_DIR; };
		98CF00D22FBD66B6008435E1 /* NWSLAppTests.xctest */ = {isa = PBXFileReference; explicitFileType = wrapper.cfbundle; includeInIndex = 0; path = NWSLAppTests.xctest; sourceTree = BUILT_PRODUCTS_DIR; };
		98CF00DC2FBD66B6008435E1 /* NWSLAppUITests.xctest */ = {isa = PBXFileReference; explicitFileType = wrapper.cfbundle; includeInIndex = 0; path = NWSLAppUITests.xctest; sourceTree = BUILT_PRODUCTS_DIR; };
/* End PBXFileReference section */

/* Begin PBXFileSystemSynchronizedBuildFileExceptionSet section */
		22740F01D4B542BBAB6B2925 /* PBXFileSystemSynchronizedBuildFileExceptionSet */ = {
			isa = PBXFileSystemSynchronizedBuildFileExceptionSet;
			membershipExceptions = (
				Info.plist,
			);
			target = C2CFD71BF97F464FBD2EFE3C /* NotificationServiceExtension */;
		};
/* End PBXFileSystemSynchronizedBuildFileExceptionSet section */

/* Begin PBXFileSystemSynchronizedRootGroup section */
		0DE1A328F40C4F0B8066B5A2 /* NotificationServiceExtension */ = {
			isa = PBXFileSystemSynchronizedRootGroup;
			exceptions = (
				22740F01D4B542BBAB6B2925 /* PBXFileSystemSynchronizedBuildFileExceptionSet */,
			);
			path = NotificationServiceExtension;
			sourceTree = "<group>";
		};
		98CF00C72FBD66B5008435E1 /* NWSLApp */ = {
			isa = PBXFileSystemSynchronizedRootGroup;
			path = NWSLApp;
			sourceTree = "<group>";
		};
		98CF00D52FBD66B6008435E1 /* NWSLAppTests */ = {
			isa = PBXFileSystemSynchronizedRootGroup;
			path = NWSLAppTests;
			sourceTree = "<group>";
		};
		98CF00DF2FBD66B6008435E1 /* NWSLAppUITests */ = {
			isa = PBXFileSystemSynchronizedRootGroup;
			path = NWSLAppUITests;
			sourceTree = "<group>";
		};
/* End PBXFileSystemSynchronizedRootGroup section */

/* Begin PBXFrameworksBuildPhase section */
		F7A6FC074BAE4EB28851B001 /* Frameworks */ = {
			isa = PBXFrameworksBuildPhase;
			buildActionMask = 2147483647;
			files = (
			);
			runOnlyForDeploymentPostprocessing = 0;
		};
		98CF00C22FBD66B5008435E1 /* Frameworks */ = {
			isa = PBXFrameworksBuildPhase;
			buildActionMask = 2147483647;
			files = (
				98745F412FD842C700832FA4 /* Supabase in Frameworks */,
				985531582FDF54490039EF87 /* StoreKit.framework in Frameworks */,
			);
			runOnlyForDeploymentPostprocessing = 0;
		};
		98CF00CF2FBD66B6008435E1 /* Frameworks */ = {
			isa = PBXFrameworksBuildPhase;
			buildActionMask = 2147483647;
			files = (
			);
			runOnlyForDeploymentPostprocessing = 0;
		};
		98CF00D92FBD66B6008435E1 /* Frameworks */ = {
			isa = PBXFrameworksBuildPhase;
			buildActionMask = 2147483647;
			files = (
			);
			runOnlyForDeploymentPostprocessing = 0;
		};
/* End PBXFrameworksBuildPhase section */

/* Begin PBXGroup section */
		985531562FDF54480039EF87 /* Frameworks */ = {
			isa = PBXGroup;
			children = (
				985531572FDF54480039EF87 /* StoreKit.framework */,
			);
			name = Frameworks;
			sourceTree = "<group>";
		};
		98CF00BC2FBD66B5008435E1 = {
			isa = PBXGroup;
			children = (
				98CF00C72FBD66B5008435E1 /* NWSLApp */,
				0DE1A328F40C4F0B8066B5A2 /* NotificationServiceExtension */,
				98CF00D52FBD66B6008435E1 /* NWSLAppTests */,
				98CF00DF2FBD66B6008435E1 /* NWSLAppUITests */,
				985531562FDF54480039EF87 /* Frameworks */,
				98CF00C62FBD66B5008435E1 /* Products */,
			);
			sourceTree = "<group>";
		};
		98CF00C62FBD66B5008435E1 /* Products */ = {
			isa = PBXGroup;
			children = (
				98CF00C52FBD66B5008435E1 /* NWSLApp.app */,
				98CF00D22FBD66B6008435E1 /* NWSLAppTests.xctest */,
				98CF00DC2FBD66B6008435E1 /* NWSLAppUITests.xctest */,
				D45D23632D5E4BBE940AC393 /* NotificationServiceExtension.appex */,
			);
			name = Products;
			sourceTree = "<group>";
		};
/* End PBXGroup section */

/* Begin PBXNativeTarget section */
		C2CFD71BF97F464FBD2EFE3C /* NotificationServiceExtension */ = {
			isa = PBXNativeTarget;
			buildConfigurationList = E4AD10D7A91F4C91B8C472A4 /* Build configuration list for PBXNativeTarget "NotificationServiceExtension" */;
			buildPhases = (
				A441D227C34D434AB05EB4C0 /* Sources */,
				F7A6FC074BAE4EB28851B001 /* Frameworks */,
				D6895EE5F1714E108DA0AD33 /* Resources */,
			);
			buildRules = (
			);
			dependencies = (
			);
			fileSystemSynchronizedGroups = (
				0DE1A328F40C4F0B8066B5A2 /* NotificationServiceExtension */,
			);
			name = NotificationServiceExtension;
			packageProductDependencies = (
			);
			productName = NotificationServiceExtension;
			productReference = D45D23632D5E4BBE940AC393 /* NotificationServiceExtension.appex */;
			productType = "com.apple.product-type.app-extension";
		};
		98CF00C42FBD66B5008435E1 /* NWSLApp */ = {
			isa = PBXNativeTarget;
			buildConfigurationList = 98CF00E62FBD66B6008435E1 /* Build configuration list for PBXNativeTarget "NWSLApp" */;
			buildPhases = (
				98CF00C12FBD66B5008435E1 /* Sources */,
				98CF00C22FBD66B5008435E1 /* Frameworks */,
				98CF00C32FBD66B5008435E1 /* Resources */,
				0F705043AB9C40CD8EF8C0CD /* Embed Foundation Extensions */,
			);
			buildRules = (
			);
			dependencies = (
				D4F1C70B70514E9B8B40506E /* PBXTargetDependency */,
			);
			fileSystemSynchronizedGroups = (
				98CF00C72FBD66B5008435E1 /* NWSLApp */,
			);
			name = NWSLApp;
			packageProductDependencies = (
				98745F402FD842C700832FA4 /* Supabase */,
			);
			productName = NWSLApp;
			productReference = 98CF00C52FBD66B5008435E1 /* NWSLApp.app */;
			productType = "com.apple.product-type.application";
		};
		98CF00D12FBD66B6008435E1 /* NWSLAppTests */ = {
			isa = PBXNativeTarget;
			buildConfigurationList = 98CF00E92FBD66B6008435E1 /* Build configuration list for PBXNativeTarget "NWSLAppTests" */;
			buildPhases = (
				98CF00CE2FBD66B6008435E1 /* Sources */,
				98CF00CF2FBD66B6008435E1 /* Frameworks */,
				98CF00D02FBD66B6008435E1 /* Resources */,
			);
			buildRules = (
			);
			dependencies = (
				98CF00D42FBD66B6008435E1 /* PBXTargetDependency */,
			);
			fileSystemSynchronizedGroups = (
				98CF00D52FBD66B6008435E1 /* NWSLAppTests */,
			);
			name = NWSLAppTests;
			packageProductDependencies = (
			);
			productName = NWSLAppTests;
			productReference = 98CF00D22FBD66B6008435E1 /* NWSLAppTests.xctest */;
			productType = "com.apple.product-type.bundle.unit-test";
		};
		98CF00DB2FBD66B6008435E1 /* NWSLAppUITests */ = {
			isa = PBXNativeTarget;
			buildConfigurationList = 98CF00EC2FBD66B6008435E1 /* Build configuration list for PBXNativeTarget "NWSLAppUITests" */;
			buildPhases = (
				98CF00D82FBD66B6008435E1 /* Sources */,
				98CF00D92FBD66B6008435E1 /* Frameworks */,
				98CF00DA2FBD66B6008435E1 /* Resources */,
			);
			buildRules = (
			);
			dependencies = (
				98CF00DE2FBD66B6008435E1 /* PBXTargetDependency */,
			);
			fileSystemSynchronizedGroups = (
				98CF00DF2FBD66B6008435E1 /* NWSLAppUITests */,
			);
			name = NWSLAppUITests;
			packageProductDependencies = (
			);
			productName = NWSLAppUITests;
			productReference = 98CF00DC2FBD66B6008435E1 /* NWSLAppUITests.xctest */;
			productType = "com.apple.product-type.bundle.ui-testing";
		};
/* End PBXNativeTarget section */

/* Begin PBXProject section */
		98CF00BD2FBD66B5008435E1 /* Project object */ = {
			isa = PBXProject;
			attributes = {
				BuildIndependentTargetsInParallel = 1;
				LastSwiftUpdateCheck = 2650;
				LastUpgradeCheck = 2650;
				TargetAttributes = {
					98CF00C42FBD66B5008435E1 = {
						CreatedOnToolsVersion = 26.5;
					};
					98CF00D12FBD66B6008435E1 = {
						CreatedOnToolsVersion = 26.5;
						TestTargetID = 98CF00C42FBD66B5008435E1;
					};
					98CF00DB2FBD66B6008435E1 = {
						CreatedOnToolsVersion = 26.5;
						TestTargetID = 98CF00C42FBD66B5008435E1;
					};
					C2CFD71BF97F464FBD2EFE3C = {
						CreatedOnToolsVersion = 26.5;
					};
				};
			};
			buildConfigurationList = 98CF00C02FBD66B5008435E1 /* Build configuration list for PBXProject "NWSLApp" */;
			developmentRegion = en;
			hasScannedForEncodings = 0;
			knownRegions = (
				en,
				Base,
			);
			mainGroup = 98CF00BC2FBD66B5008435E1;
			minimizedProjectReferenceProxies = 1;
			packageReferences = (
				98745F3E2FD842C700832FA4 /* XCRemoteSwiftPackageReference "supabase-swift" */,
			);
			preferredProjectObjectVersion = 77;
			productRefGroup = 98CF00C62FBD66B5008435E1 /* Products */;
			projectDirPath = "";
			projectRoot = "";
			targets = (
				98CF00C42FBD66B5008435E1 /* NWSLApp */,
				C2CFD71BF97F464FBD2EFE3C /* NotificationServiceExtension */,
				98CF00D12FBD66B6008435E1 /* NWSLAppTests */,
				98CF00DB2FBD66B6008435E1 /* NWSLAppUITests */,
			);
		};
/* End PBXProject section */

/* Begin PBXResourcesBuildPhase section */
		D6895EE5F1714E108DA0AD33 /* Resources */ = {
			isa = PBXResourcesBuildPhase;
			buildActionMask = 2147483647;
			files = (
			);
			runOnlyForDeploymentPostprocessing = 0;
		};
		98CF00C32FBD66B5008435E1 /* Resources */ = {
			isa = PBXResourcesBuildPhase;
			buildActionMask = 2147483647;
			files = (
			);
			runOnlyForDeploymentPostprocessing = 0;
		};
		98CF00D02FBD66B6008435E1 /* Resources */ = {
			isa = PBXResourcesBuildPhase;
			buildActionMask = 2147483647;
			files = (
			);
			runOnlyForDeploymentPostprocessing = 0;
		};
		98CF00DA2FBD66B6008435E1 /* Resources */ = {
			isa = PBXResourcesBuildPhase;
			buildActionMask = 2147483647;
			files = (
			);
			runOnlyForDeploymentPostprocessing = 0;
		};
/* End PBXResourcesBuildPhase section */

/* Begin PBXSourcesBuildPhase section */
		A441D227C34D434AB05EB4C0 /* Sources */ = {
			isa = PBXSourcesBuildPhase;
			buildActionMask = 2147483647;
			files = (
			);
			runOnlyForDeploymentPostprocessing = 0;
		};
		98CF00C12FBD66B5008435E1 /* Sources */ = {
			isa = PBXSourcesBuildPhase;
			buildActionMask = 2147483647;
			files = (
			);
			runOnlyForDeploymentPostprocessing = 0;
		};
		98CF00CE2FBD66B6008435E1 /* Sources */ = {
			isa = PBXSourcesBuildPhase;
			buildActionMask = 2147483647;
			files = (
			);
			runOnlyForDeploymentPostprocessing = 0;
		};
		98CF00D82FBD66B6008435E1 /* Sources */ = {
			isa = PBXSourcesBuildPhase;
			buildActionMask = 2147483647;
			files = (
			);
			runOnlyForDeploymentPostprocessing = 0;
		};
/* End PBXSourcesBuildPhase section */

/* Begin PBXTargetDependency section */
		D4F1C70B70514E9B8B40506E /* PBXTargetDependency */ = {
			isa = PBXTargetDependency;
			target = C2CFD71BF97F464FBD2EFE3C /* NotificationServiceExtension */;
			targetProxy = 6BF81BC738DB4E0B9AD12D76 /* PBXContainerItemProxy */;
		};
		98CF00D42FBD66B6008435E1 /* PBXTargetDependency */ = {
			isa = PBXTargetDependency;
			target = 98CF00C42FBD66B5008435E1 /* NWSLApp */;
			targetProxy = 98CF00D32FBD66B6008435E1 /* PBXContainerItemProxy */;
		};
		98CF00DE2FBD66B6008435E1 /* PBXTargetDependency */ = {
			isa = PBXTargetDependency;
			target = 98CF00C42FBD66B5008435E1 /* NWSLApp */;
			targetProxy = 98CF00DD2FBD66B6008435E1 /* PBXContainerItemProxy */;
		};
/* End PBXTargetDependency section */

/* Begin XCBuildConfiguration section */
		B96398F1EDEE49A0913B15ED /* Debug */ = {
			isa = XCBuildConfiguration;
			buildSettings = {
				CODE_SIGN_ENTITLEMENTS = NotificationServiceExtension/NotificationServiceExtension.entitlements;
				CODE_SIGN_STYLE = Automatic;
				CURRENT_PROJECT_VERSION = 17;
				DEVELOPMENT_TEAM = 24BGA36VVW;
				GENERATE_INFOPLIST_FILE = NO;
				INFOPLIST_FILE = NotificationServiceExtension/Info.plist;
				INFOPLIST_KEY_CFBundleDisplayName = "NWSL Notifications";
				IPHONEOS_DEPLOYMENT_TARGET = 17.0;
				LD_RUNPATH_SEARCH_PATHS = (
					"$(inherited)",
					"@executable_path/Frameworks",
					"@executable_path/../../Frameworks",
				);
				MARKETING_VERSION = 0.4.1;
				PRODUCT_BUNDLE_IDENTIFIER = com.tiffanyrieth.nwslapp.NWSLApp.NotificationService;
				PRODUCT_NAME = "$(TARGET_NAME)";
				SKIP_INSTALL = YES;
				SWIFT_APPROACHABLE_CONCURRENCY = YES;
				SWIFT_EMIT_LOC_STRINGS = YES;
				SWIFT_UPCOMING_FEATURE_MEMBER_IMPORT_VISIBILITY = YES;
				SWIFT_VERSION = 5.0;
				TARGETED_DEVICE_FAMILY = "1,2";
			};
			name = Debug;
		};
		B938052BFB0A4E0B8C772494 /* Release */ = {
			isa = XCBuildConfiguration;
			buildSettings = {
				CODE_SIGN_ENTITLEMENTS = NotificationServiceExtension/NotificationServiceExtension.entitlements;
				CODE_SIGN_STYLE = Automatic;
				CURRENT_PROJECT_VERSION = 17;
				DEVELOPMENT_TEAM = 24BGA36VVW;
				GENERATE_INFOPLIST_FILE = NO;
				INFOPLIST_FILE = NotificationServiceExtension/Info.plist;
				INFOPLIST_KEY_CFBundleDisplayName = "NWSL Notifications";
				IPHONEOS_DEPLOYMENT_TARGET = 17.0;
				LD_RUNPATH_SEARCH_PATHS = (
					"$(inherited)",
					"@executable_path/Frameworks",
					"@executable_path/../../Frameworks",
				);
				MARKETING_VERSION = 0.4.1;
				PRODUCT_BUNDLE_IDENTIFIER = com.tiffanyrieth.nwslapp.NWSLApp.NotificationService;
				PRODUCT_NAME = "$(TARGET_NAME)";
				SKIP_INSTALL = YES;
				SWIFT_APPROACHABLE_CONCURRENCY = YES;
				SWIFT_COMPILATION_MODE = wholemodule;
				SWIFT_EMIT_LOC_STRINGS = YES;
				SWIFT_UPCOMING_FEATURE_MEMBER_IMPORT_VISIBILITY = YES;
				SWIFT_VERSION = 5.0;
				TARGETED_DEVICE_FAMILY = "1,2";
			};
			name = Release;
		};
		98CF00E42FBD66B6008435E1 /* Debug */ = {
			isa = XCBuildConfiguration;
			buildSettings = {
				ALWAYS_SEARCH_USER_PATHS = NO;
				ASSETCATALOG_COMPILER_GENERATE_SWIFT_ASSET_SYMBOL_EXTENSIONS = YES;
				CLANG_ANALYZER_NONNULL = YES;
				CLANG_ANALYZER_NUMBER_OBJECT_CONVERSION = YES_AGGRESSIVE;
				CLANG_CXX_LANGUAGE_STANDARD = "gnu++20";
				CLANG_ENABLE_MODULES = YES;
				CLANG_ENABLE_OBJC_ARC = YES;
				CLANG_ENABLE_OBJC_WEAK = YES;
				CLANG_WARN_BLOCK_CAPTURE_AUTORELEASING = YES;
				CLANG_WARN_BOOL_CONVERSION = YES;
				CLANG_WARN_COMMA = YES;
				CLANG_WARN_CONSTANT_CONVERSION = YES;
				CLANG_WARN_DEPRECATED_OBJC_IMPLEMENTATIONS = YES;
				CLANG_WARN_DIRECT_OBJC_ISA_USAGE = YES_ERROR;
				CLANG_WARN_DOCUMENTATION_COMMENTS = YES;
				CLANG_WARN_EMPTY_BODY = YES;
				CLANG_WARN_ENUM_CONVERSION = YES;
				CLANG_WARN_INFINITE_RECURSION = YES;
				CLANG_WARN_INT_CONVERSION = YES;
				CLANG_WARN_NON_LITERAL_NULL_CONVERSION = YES;
				CLANG_WARN_OBJC_IMPLICIT_RETAIN_SELF = YES;
				CLANG_WARN_OBJC_LITERAL_CONVERSION = YES;
				CLANG_WARN_OBJC_ROOT_CLASS = YES_ERROR;
				CLANG_WARN_QUOTED_INCLUDE_IN_FRAMEWORK_HEADER = YES;
				CLANG_WARN_RANGE_LOOP_ANALYSIS = YES;
				CLANG_WARN_STRICT_PROTOTYPES = YES;
				CLANG_WARN_SUSPICIOUS_MOVE = YES;
				CLANG_WARN_UNGUARDED_AVAILABILITY = YES_AGGRESSIVE;
				CLANG_WARN_UNREACHABLE_CODE = YES;
				CLANG_WARN__DUPLICATE_METHOD_MATCH = YES;
				COPY_PHASE_STRIP = NO;
				DEBUG_INFORMATION_FORMAT = dwarf;
				ENABLE_STRICT_OBJC_MSGSEND = YES;
				ENABLE_TESTABILITY = YES;
				ENABLE_USER_SCRIPT_SANDBOXING = YES;
				GCC_C_LANGUAGE_STANDARD = gnu17;
				GCC_DYNAMIC_NO_PIC = NO;
				GCC_NO_COMMON_BLOCKS = YES;
				GCC_OPTIMIZATION_LEVEL = 0;
				GCC_PREPROCESSOR_DEFINITIONS = (
					"DEBUG=1",
					"$(inherited)",
				);
				GCC_WARN_64_TO_32_BIT_CONVERSION = YES;
				GCC_WARN_ABOUT_RETURN_TYPE = YES_ERROR;
				GCC_WARN_UNDECLARED_SELECTOR = YES;
				GCC_WARN_UNINITIALIZED_AUTOS = YES_AGGRESSIVE;
				GCC_WARN_UNUSED_FUNCTION = YES;
				GCC_WARN_UNUSED_VARIABLE = YES;
				IPHONEOS_DEPLOYMENT_TARGET = 17.0;
				LOCALIZATION_PREFERS_STRING_CATALOGS = YES;
				MTL_ENABLE_DEBUG_INFO = INCLUDE_SOURCE;
				MTL_FAST_MATH = YES;
				ONLY_ACTIVE_ARCH = YES;
				SDKROOT = iphoneos;
				SWIFT_ACTIVE_COMPILATION_CONDITIONS = "DEBUG $(inherited)";
				SWIFT_OPTIMIZATION_LEVEL = "-Onone";
			};
			name = Debug;
		};
		98CF00E52FBD66B6008435E1 /* Release */ = {
			isa = XCBuildConfiguration;
			buildSettings = {
				ALWAYS_SEARCH_USER_PATHS = NO;
				ASSETCATALOG_COMPILER_GENERATE_SWIFT_ASSET_SYMBOL_EXTENSIONS = YES;
				CLANG_ANALYZER_NONNULL = YES;
				CLANG_ANALYZER_NUMBER_OBJECT_CONVERSION = YES_AGGRESSIVE;
				CLANG_CXX_LANGUAGE_STANDARD = "gnu++20";
				CLANG_ENABLE_MODULES = YES;
				CLANG_ENABLE_OBJC_ARC = YES;
				CLANG_ENABLE_OBJC_WEAK = YES;
				CLANG_WARN_BLOCK_CAPTURE_AUTORELEASING = YES;
				CLANG_WARN_BOOL_CONVERSION = YES;
				CLANG_WARN_COMMA = YES;
				CLANG_WARN_CONSTANT_CONVERSION = YES;
				CLANG_WARN_DEPRECATED_OBJC_IMPLEMENTATIONS = YES;
				CLANG_WARN_DIRECT_OBJC_ISA_USAGE = YES_ERROR;
				CLANG_WARN_DOCUMENTATION_COMMENTS = YES;
				CLANG_WARN_EMPTY_BODY = YES;
				CLANG_WARN_ENUM_CONVERSION = YES;
				CLANG_WARN_INFINITE_RECURSION = YES;
				CLANG_WARN_INT_CONVERSION = YES;
				CLANG_WARN_NON_LITERAL_NULL_CONVERSION = YES;
				CLANG_WARN_OBJC_IMPLICIT_RETAIN_SELF = YES;
				CLANG_WARN_OBJC_LITERAL_CONVERSION = YES;
				CLANG_WARN_OBJC_ROOT_CLASS = YES_ERROR;
				CLANG_WARN_QUOTED_INCLUDE_IN_FRAMEWORK_HEADER = YES;
				CLANG_WARN_RANGE_LOOP_ANALYSIS = YES;
				CLANG_WARN_STRICT_PROTOTYPES = YES;
				CLANG_WARN_SUSPICIOUS_MOVE = YES;
				CLANG_WARN_UNGUARDED_AVAILABILITY = YES_AGGRESSIVE;
				CLANG_WARN_UNREACHABLE_CODE = YES;
				CLANG_WARN__DUPLICATE_METHOD_MATCH = YES;
				COPY_PHASE_STRIP = NO;
				DEBUG_INFORMATION_FORMAT = "dwarf-with-dsym";
				ENABLE_NS_ASSERTIONS = NO;
				ENABLE_STRICT_OBJC_MSGSEND = YES;
				ENABLE_USER_SCRIPT_SANDBOXING = YES;
				GCC_C_LANGUAGE_STANDARD = gnu17;
				GCC_NO_COMMON_BLOCKS = YES;
				GCC_WARN_64_TO_32_BIT_CONVERSION = YES;
				GCC_WARN_ABOUT_RETURN_TYPE = YES_ERROR;
				GCC_WARN_UNDECLARED_SELECTOR = YES;
				GCC_WARN_UNINITIALIZED_AUTOS = YES_AGGRESSIVE;
				GCC_WARN_UNUSED_FUNCTION = YES;
				GCC_WARN_UNUSED_VARIABLE = YES;
				IPHONEOS_DEPLOYMENT_TARGET = 17.0;
				LOCALIZATION_PREFERS_STRING_CATALOGS = YES;
				MTL_ENABLE_DEBUG_INFO = NO;
				MTL_FAST_MATH = YES;
				SDKROOT = iphoneos;
				SWIFT_COMPILATION_MODE = wholemodule;
				VALIDATE_PRODUCT = YES;
			};
			name = Release;
		};
		98CF00E72FBD66B6008435E1 /* Debug */ = {
			isa = XCBuildConfiguration;
			buildSettings = {
				ASSETCATALOG_COMPILER_APPICON_NAME = AppIcon;
				ASSETCATALOG_COMPILER_GLOBAL_ACCENT_COLOR_NAME = AccentColor;
				CODE_SIGN_ENTITLEMENTS = NWSLApp/NWSLApp.entitlements;
				CODE_SIGN_STYLE = Automatic;
				CURRENT_PROJECT_VERSION = 17;
				DEVELOPMENT_TEAM = 24BGA36VVW;
				ENABLE_PREVIEWS = YES;
				GENERATE_INFOPLIST_FILE = YES;
				INFOPLIST_KEY_CFBundleDisplayName = "Tiffany's NWSL";
				INFOPLIST_KEY_UIApplicationSceneManifest_Generation = YES;
				INFOPLIST_KEY_UIApplicationSupportsIndirectInputEvents = YES;
				INFOPLIST_KEY_UILaunchScreen_Generation = YES;
				INFOPLIST_KEY_UISupportedInterfaceOrientations_iPad = "UIInterfaceOrientationPortrait UIInterfaceOrientationPortraitUpsideDown UIInterfaceOrientationLandscapeLeft UIInterfaceOrientationLandscapeRight";
				INFOPLIST_KEY_UISupportedInterfaceOrientations_iPhone = "UIInterfaceOrientationPortrait UIInterfaceOrientationLandscapeLeft UIInterfaceOrientationLandscapeRight";
				LD_RUNPATH_SEARCH_PATHS = (
					"$(inherited)",
					"@executable_path/Frameworks",
				);
				MARKETING_VERSION = 0.4.1;
				PRODUCT_BUNDLE_IDENTIFIER = com.tiffanyrieth.nwslapp.NWSLApp;
				PRODUCT_NAME = "$(TARGET_NAME)";
				STRING_CATALOG_GENERATE_SYMBOLS = YES;
				SWIFT_APPROACHABLE_CONCURRENCY = YES;
				SWIFT_DEFAULT_ACTOR_ISOLATION = MainActor;
				SWIFT_EMIT_LOC_STRINGS = YES;
				SWIFT_UPCOMING_FEATURE_MEMBER_IMPORT_VISIBILITY = YES;
				SWIFT_VERSION = 5.0;
				TARGETED_DEVICE_FAMILY = "1,2";
			};
			name = Debug;
		};
		98CF00E82FBD66B6008435E1 /* Release */ = {
			isa = XCBuildConfiguration;
			buildSettings = {
				ASSETCATALOG_COMPILER_APPICON_NAME = AppIcon;
				ASSETCATALOG_COMPILER_GLOBAL_ACCENT_COLOR_NAME = AccentColor;
				CODE_SIGN_ENTITLEMENTS = NWSLApp/NWSLApp.entitlements;
				CODE_SIGN_STYLE = Automatic;
				CURRENT_PROJECT_VERSION = 17;
				DEVELOPMENT_TEAM = 24BGA36VVW;
				ENABLE_PREVIEWS = YES;
				GENERATE_INFOPLIST_FILE = YES;
				INFOPLIST_KEY_CFBundleDisplayName = "Tiffany's NWSL";
				INFOPLIST_KEY_UIApplicationSceneManifest_Generation = YES;
				INFOPLIST_KEY_UIApplicationSupportsIndirectInputEvents = YES;
				INFOPLIST_KEY_UILaunchScreen_Generation = YES;
				INFOPLIST_KEY_UISupportedInterfaceOrientations_iPad = "UIInterfaceOrientationPortrait UIInterfaceOrientationPortraitUpsideDown UIInterfaceOrientationLandscapeLeft UIInterfaceOrientationLandscapeRight";
				INFOPLIST_KEY_UISupportedInterfaceOrientations_iPhone = "UIInterfaceOrientationPortrait UIInterfaceOrientationLandscapeLeft UIInterfaceOrientationLandscapeRight";
				LD_RUNPATH_SEARCH_PATHS = (
					"$(inherited)",
					"@executable_path/Frameworks",
				);
				MARKETING_VERSION = 0.4.1;
				PRODUCT_BUNDLE_IDENTIFIER = com.tiffanyrieth.nwslapp.NWSLApp;
				PRODUCT_NAME = "$(TARGET_NAME)";
				STRING_CATALOG_GENERATE_SYMBOLS = YES;
				SWIFT_APPROACHABLE_CONCURRENCY = YES;
				SWIFT_DEFAULT_ACTOR_ISOLATION = MainActor;
				SWIFT_EMIT_LOC_STRINGS = YES;
				SWIFT_UPCOMING_FEATURE_MEMBER_IMPORT_VISIBILITY = YES;
				SWIFT_VERSION = 5.0;
				TARGETED_DEVICE_FAMILY = "1,2";
			};
			name = Release;
		};
		98CF00EA2FBD66B6008435E1 /* Debug */ = {
			isa = XCBuildConfiguration;
			buildSettings = {
				BUNDLE_LOADER = "$(TEST_HOST)";
				CODE_SIGN_STYLE = Automatic;
				CURRENT_PROJECT_VERSION = 17;
				GENERATE_INFOPLIST_FILE = YES;
				IPHONEOS_DEPLOYMENT_TARGET = 17.0;
				MARKETING_VERSION = 0.4.1;
				PRODUCT_BUNDLE_IDENTIFIER = com.tiffanyrieth.nwslapp.NWSLAppTests;
				PRODUCT_NAME = "$(TARGET_NAME)";
				STRING_CATALOG_GENERATE_SYMBOLS = NO;
				SWIFT_APPROACHABLE_CONCURRENCY = YES;
				SWIFT_EMIT_LOC_STRINGS = NO;
				SWIFT_UPCOMING_FEATURE_MEMBER_IMPORT_VISIBILITY = YES;
				SWIFT_VERSION = 5.0;
				TARGETED_DEVICE_FAMILY = "1,2";
				TEST_HOST = "$(BUILT_PRODUCTS_DIR)/NWSLApp.app/$(BUNDLE_EXECUTABLE_FOLDER_PATH)/NWSLApp";
			};
			name = Debug;
		};
		98CF00EB2FBD66B6008435E1 /* Release */ = {
			isa = XCBuildConfiguration;
			buildSettings = {
				BUNDLE_LOADER = "$(TEST_HOST)";
				CODE_SIGN_STYLE = Automatic;
				CURRENT_PROJECT_VERSION = 17;
				GENERATE_INFOPLIST_FILE = YES;
				IPHONEOS_DEPLOYMENT_TARGET = 17.0;
				MARKETING_VERSION = 0.4.1;
				PRODUCT_BUNDLE_IDENTIFIER = com.tiffanyrieth.nwslapp.NWSLAppTests;
				PRODUCT_NAME = "$(TARGET_NAME)";
				STRING_CATALOG_GENERATE_SYMBOLS = NO;
				SWIFT_APPROACHABLE_CONCURRENCY = YES;
				SWIFT_EMIT_LOC_STRINGS = NO;
				SWIFT_UPCOMING_FEATURE_MEMBER_IMPORT_VISIBILITY = YES;
				SWIFT_VERSION = 5.0;
				TARGETED_DEVICE_FAMILY = "1,2";
				TEST_HOST = "$(BUILT_PRODUCTS_DIR)/NWSLApp.app/$(BUNDLE_EXECUTABLE_FOLDER_PATH)/NWSLApp";
			};
			name = Release;
		};
		98CF00ED2FBD66B6008435E1 /* Debug */ = {
			isa = XCBuildConfiguration;
			buildSettings = {
				CODE_SIGN_STYLE = Automatic;
				CURRENT_PROJECT_VERSION = 17;
				GENERATE_INFOPLIST_FILE = YES;
				MARKETING_VERSION = 0.4.1;
				PRODUCT_BUNDLE_IDENTIFIER = com.tiffanyrieth.nwslapp.NWSLAppUITests;
				PRODUCT_NAME = "$(TARGET_NAME)";
				STRING_CATALOG_GENERATE_SYMBOLS = NO;
				SWIFT_APPROACHABLE_CONCURRENCY = YES;
				SWIFT_EMIT_LOC_STRINGS = NO;
				SWIFT_UPCOMING_FEATURE_MEMBER_IMPORT_VISIBILITY = YES;
				SWIFT_VERSION = 5.0;
				TARGETED_DEVICE_FAMILY = "1,2";
				TEST_TARGET_NAME = NWSLApp;
			};
			name = Debug;
		};
		98CF00EE2FBD66B6008435E1 /* Release */ = {
			isa = XCBuildConfiguration;
			buildSettings = {
				CODE_SIGN_STYLE = Automatic;
				CURRENT_PROJECT_VERSION = 17;
				GENERATE_INFOPLIST_FILE = YES;
				MARKETING_VERSION = 0.4.1;
				PRODUCT_BUNDLE_IDENTIFIER = com.tiffanyrieth.nwslapp.NWSLAppUITests;
				PRODUCT_NAME = "$(TARGET_NAME)";
				STRING_CATALOG_GENERATE_SYMBOLS = NO;
				SWIFT_APPROACHABLE_CONCURRENCY = YES;
				SWIFT_EMIT_LOC_STRINGS = NO;
				SWIFT_UPCOMING_FEATURE_MEMBER_IMPORT_VISIBILITY = YES;
				SWIFT_VERSION = 5.0;
				TARGETED_DEVICE_FAMILY = "1,2";
				TEST_TARGET_NAME = NWSLApp;
			};
			name = Release;
		};
/* End XCBuildConfiguration section */

/* Begin XCConfigurationList section */
		E4AD10D7A91F4C91B8C472A4 /* Build configuration list for PBXNativeTarget "NotificationServiceExtension" */ = {
			isa = XCConfigurationList;
			buildConfigurations = (
				B96398F1EDEE49A0913B15ED /* Debug */,
				B938052BFB0A4E0B8C772494 /* Release */,
			);
			defaultConfigurationIsVisible = 0;
			defaultConfigurationName = Release;
		};
		98CF00C02FBD66B5008435E1 /* Build configuration list for PBXProject "NWSLApp" */ = {
			isa = XCConfigurationList;
			buildConfigurations = (
				98CF00E42FBD66B6008435E1 /* Debug */,
				98CF00E52FBD66B6008435E1 /* Release */,
			);
			defaultConfigurationIsVisible = 0;
			defaultConfigurationName = Release;
		};
		98CF00E62FBD66B6008435E1 /* Build configuration list for PBXNativeTarget "NWSLApp" */ = {
			isa = XCConfigurationList;
			buildConfigurations = (
				98CF00E72FBD66B6008435E1 /* Debug */,
				98CF00E82FBD66B6008435E1 /* Release */,
			);
			defaultConfigurationIsVisible = 0;
			defaultConfigurationName = Release;
		};
		98CF00E92FBD66B6008435E1 /* Build configuration list for PBXNativeTarget "NWSLAppTests" */ = {
			isa = XCConfigurationList;
			buildConfigurations = (
				98CF00EA2FBD66B6008435E1 /* Debug */,
				98CF00EB2FBD66B6008435E1 /* Release */,
			);
			defaultConfigurationIsVisible = 0;
			defaultConfigurationName = Release;
		};
		98CF00EC2FBD66B6008435E1 /* Build configuration list for PBXNativeTarget "NWSLAppUITests" */ = {
			isa = XCConfigurationList;
			buildConfigurations = (
				98CF00ED2FBD66B6008435E1 /* Debug */,
				98CF00EE2FBD66B6008435E1 /* Release */,
			);
			defaultConfigurationIsVisible = 0;
			defaultConfigurationName = Release;
		};
/* End XCConfigurationList section */

/* Begin XCRemoteSwiftPackageReference section */
		98745F3E2FD842C700832FA4 /* XCRemoteSwiftPackageReference "supabase-swift" */ = {
			isa = XCRemoteSwiftPackageReference;
			repositoryURL = "https://github.com/supabase/supabase-swift";
			requirement = {
				kind = upToNextMajorVersion;
				minimumVersion = 2.5.1;
			};
		};
/* End XCRemoteSwiftPackageReference section */

/* Begin XCSwiftPackageProductDependency section */
		98745F402FD842C700832FA4 /* Supabase */ = {
			isa = XCSwiftPackageProductDependency;
			package = 98745F3E2FD842C700832FA4 /* XCRemoteSwiftPackageReference "supabase-swift" */;
			productName = Supabase;
		};
/* End XCSwiftPackageProductDependency section */
	};
	rootObject = 98CF00BD2FBD66B5008435E1 /* Project object */;
}
